
Microsoft Visual Studio Solution File, Format Version 12.00
# Visual Studio 15
VisualStudioVersion = 15.0.28307.136
MinimumVisualStudioVersion = 10.0.40219.1
Project("{FAE04EC0-301F-11D3-BF4B-00C04F79EFBC}") = "Corporation", "Corporation\Corporation.csproj", "{59C45B86-7AB9-4BCA-A754-59B0577B7262}"
EndProject
Global
	GlobalSection(SolutionConfigurationPlatforms) = preSolution
		Debug|Any CPU = Debug|Any CPU
		Release|Any CPU = Release|Any CPU
	EndGlobalSection
	GlobalSection(ProjectConfigurationPlatforms) = postSolution
		{59C45B86-7AB9-4BCA-A754-59B0577B7262}.Debug|Any CPU.ActiveCfg = Debug|Any CPU
		{59C45B86-7AB9-4BCA-A754-59B0577B7262}.Debug|Any CPU.Build.0 = Debug|Any CPU
		{59C45B86-7AB9-4BCA-A754-59B0577B7262}.Release|Any CPU.ActiveCfg = Release|Any CPU
		{59C45B86-7AB9-4BCA-A754-59B0577B7262}.Release|Any CPU.Build.0 = Release|Any CPU
	EndGlobalSection
	GlobalSection(SolutionProperties) = preSolution
		HideSolutionNode = FALSE
	EndGlobalSection
	GlobalSection(ExtensibilityGlobals) = postSolution
		SolutionGuid = {86B6E83B-1D64-4883-8D3F-0FFBC1E6242C}
	EndGlobalSection
EndGlobal
